
Microsoft Visual Studio Solution File, Format Version 12.00
# Visual Studio 15
VisualStudioVersion = 15.0.27004.2010
MinimumVisualStudioVersion = 10.0.40219.1
Project("{FAE04EC0-301F-11D3-BF4B-00C04F79EFBC}") = "TestTraining1", "TestTraining1\TestTraining1.csproj", "{BB308B6F-9798-4A7D-B0CA-6234B5F0591A}"
EndProject
Global
	GlobalSection(SolutionConfigurationPlatforms) = preSolution
		Debug|Any CPU = Debug|Any CPU
		Release|Any CPU = Release|Any CPU
	EndGlobalSection
	GlobalSection(ProjectConfigurationPlatforms) = postSolution
		{BB308B6F-9798-4A7D-B0CA-6234B5F0591A}.Debug|Any CPU.ActiveCfg = Debug|Any CPU
		{BB308B6F-9798-4A7D-B0CA-6234B5F0591A}.Debug|Any CPU.Build.0 = Debug|Any CPU
		{BB308B6F-9798-4A7D-B0CA-6234B5F0591A}.Release|Any CPU.ActiveCfg = Release|Any CPU
		{BB308B6F-9798-4A7D-B0CA-6234B5F0591A}.Release|Any CPU.Build.0 = Release|Any CPU
	EndGlobalSection
	GlobalSection(SolutionProperties) = preSolution
		HideSolutionNode = FALSE
	EndGlobalSection
	GlobalSection(ExtensibilityGlobals) = postSolution
		SolutionGuid = {F7380196-CC19-447A-9314-DC643978F4F0}
	EndGlobalSection
EndGlobal
